
Microsoft Visual Studio Solution File, Format Version 12.00
# Visual Studio Version 16
VisualStudioVersion = 16.0.29020.237
MinimumVisualStudioVersion = 10.0.40219.1
Project("{9A19103F-16F7-4668-BE54-9A1E7A4F7556}") = "Abp.VNext.Hello.Domain", "src\Abp.VNext.Hello.Domain\Abp.VNext.Hello.Domain.csproj", "{554AD327-6DBA-4F8F-96F8-81CE7A0C863F}"
EndProject
Project("{9A19103F-16F7-4668-BE54-9A1E7A4F7556}") = "Abp.VNext.Hello.Application", "src\Abp.VNext.Hello.Application\Abp.VNext.Hello.Application.csproj", "{1A94A50E-06DC-43C1-80B5-B662820EC3EB}"
EndProject
Project("{9A19103F-16F7-4668-BE54-9A1E7A4F7556}") = "Abp.VNext.Hello.EntityFrameworkCore", "src\Abp.VNext.Hello.EntityFrameworkCore\Abp.VNext.Hello.EntityFrameworkCore.csproj", "{C956DD76-69C8-4A9C-83EA-D17DF83340FD}"
EndProject
Project("{2150E333-8FDC-42A3-9474-1A3956D46DE8}") = "src", "src", "{CA9AC87F-097E-4F15-8393-4BC07735A5B0}"
EndProject
Project("{9A19103F-16F7-4668-BE54-9A1E7A4F7556}") = "Abp.VNext.Hello.EntityFrameworkCore.DbMigrations", "src\Abp.VNext.Hello.EntityFrameworkCore.DbMigrations\Abp.VNext.Hello.EntityFrameworkCore.DbMigrations.csproj", "{0372FA84-C517-4EB3-9A9F-B9ACAC0CA5E0}"
EndProject
Project("{9A19103F-16F7-4668-BE54-9A1E7A4F7556}") = "Abp.VNext.Hello.Domain.Shared", "src\Abp.VNext.Hello.Domain.Shared\Abp.VNext.Hello.Domain.Shared.csproj", "{42F719ED-8413-4895-B5B4-5AB56079BC66}"
EndProject
Project("{9A19103F-16F7-4668-BE54-9A1E7A4F7556}") = "Abp.VNext.Hello.Application.Contracts", "src\Abp.VNext.Hello.Application.Contracts\Abp.VNext.Hello.Application.Contracts.csproj", "{520659C8-C734-4298-A3DA-B539DB9DFC0B}"
EndProject
Project("{9A19103F-16F7-4668-BE54-9A1E7A4F7556}") = "Abp.VNext.Hello.HttpApi", "src\Abp.VNext.Hello.HttpApi\Abp.VNext.Hello.HttpApi.csproj", "{4164BDF7-F527-4E85-9CE6-E3C2D7426A27}"
EndProject
Project("{9A19103F-16F7-4668-BE54-9A1E7A4F7556}") = "Abp.VNext.Hello.HttpApi.Client", "src\Abp.VNext.Hello.HttpApi.Client\Abp.VNext.Hello.HttpApi.Client.csproj", "{3B5A0094-670D-4BB1-BFDD-61B88A8773DC}"
EndProject
Project("{9A19103F-16F7-4668-BE54-9A1E7A4F7556}") = "Abp.VNext.Hello.Web", "src\Abp.VNext.Hello.Web\Abp.VNext.Hello.Web.csproj", "{6FE54035-9C11-4702-A5E2-D16F23101468}"
EndProject
Project("{9A19103F-16F7-4668-BE54-9A1E7A4F7556}") = "Abp.VNext.Hello.IdentityServer", "src\Abp.VNext.Hello.IdentityServer\Abp.VNext.Hello.IdentityServer.csproj", "{073C361E-B8F4-49F5-93CC-72A3FF49C026}"
EndProject
Project("{9A19103F-16F7-4668-BE54-9A1E7A4F7556}") = "Abp.VNext.Hello.HttpApi.Host", "src\Abp.VNext.Hello.HttpApi.Host\Abp.VNext.Hello.HttpApi.Host.csproj", "{E6D5BF0E-DE92-4D82-A352-EF04B37CB11C}"
EndProject
Project("{9A19103F-16F7-4668-BE54-9A1E7A4F7556}") = "Abp.VNext.Hello.DbMigrator", "src\Abp.VNext.Hello.DbMigrator\Abp.VNext.Hello.DbMigrator.csproj", "{AA94D832-1CCC-4715-95A9-A483F23A1A5D}"
EndProject
Project("{2150E333-8FDC-42A3-9474-1A3956D46DE8}") = "IdentityServer4", "IdentityServer4", "{5C8E944F-6C9D-4FC5-AA7C-71BFF3F86EFB}"
EndProject
Project("{9A19103F-16F7-4668-BE54-9A1E7A4F7556}") = "IdentityServer4", "..\IdentityServer4\src\IdentityServer4\src\IdentityServer4.csproj", "{F0EC1BEA-48D1-4A04-92A6-9F52BC600905}"
EndProject
Project("{9A19103F-16F7-4668-BE54-9A1E7A4F7556}") = "IdentityServer4.Storage", "..\IdentityServer4\src\Storage\src\IdentityServer4.Storage.csproj", "{BB52C560-E74F-4922-B2AB-107A4B32FFCB}"
EndProject
Project("{9A19103F-16F7-4668-BE54-9A1E7A4F7556}") = "IdentityServer4.AspNetIdentity", "..\IdentityServer4\src\AspNetIdentity\src\IdentityServer4.AspNetIdentity.csproj", "{E84545B7-9A1C-480E-B14A-1DB947DEE2EB}"
EndProject
Project("{2150E333-8FDC-42A3-9474-1A3956D46DE8}") = "IdentityModel", "IdentityModel", "{7938DB39-8C08-4184-A796-4CA55E7AC428}"
EndProject
Project("{9A19103F-16F7-4668-BE54-9A1E7A4F7556}") = "IdentityModel", "..\IdentityModel\src\IdentityModel.csproj", "{D6830BE4-B59D-4117-8F0E-7378204E3BB2}"
EndProject
Project("{9A19103F-16F7-4668-BE54-9A1E7A4F7556}") = "IdentityModel.AspNetCore.OAuth2Introspection", "..\IdentityModel.AspNetCore.OAuth2Introspection\src\IdentityModel.AspNetCore.OAuth2Introspection.csproj", "{C2226A46-16B2-49D0-9BB4-0BBC2022BC7B}"
EndProject
Project("{9A19103F-16F7-4668-BE54-9A1E7A4F7556}") = "IdentityServer4.AccessTokenValidation", "..\IdentityServer4.AccessTokenValidation\src\IdentityServer4.AccessTokenValidation.csproj", "{62B81154-D0A1-4BCE-BC0A-5B39B7FB23B8}"
EndProject
Project("{9A19103F-16F7-4668-BE54-9A1E7A4F7556}") = "Host", "..\IdentityServer4\src\IdentityServer4\host\Host.csproj", "{AC6C8408-8392-40F3-ACD0-1696C612FD30}"
EndProject
Global
	GlobalSection(SolutionConfigurationPlatforms) = preSolution
		Debug|Any CPU = Debug|Any CPU
		Release|Any CPU = Release|Any CPU
	EndGlobalSection
	GlobalSection(ProjectConfigurationPlatforms) = postSolution
		{554AD327-6DBA-4F8F-96F8-81CE7A0C863F}.Debug|Any CPU.ActiveCfg = Debug|Any CPU
		{554AD327-6DBA-4F8F-96F8-81CE7A0C863F}.Debug|Any CPU.Build.0 = Debug|Any CPU
		{554AD327-6DBA-4F8F-96F8-81CE7A0C863F}.Release|Any CPU.ActiveCfg = Release|Any CPU
		{554AD327-6DBA-4F8F-96F8-81CE7A0C863F}.Release|Any CPU.Build.0 = Release|Any CPU
		{1A94A50E-06DC-43C1-80B5-B662820EC3EB}.Debug|Any CPU.ActiveCfg = Debug|Any CPU
		{1A94A50E-06DC-43C1-80B5-B662820EC3EB}.Debug|Any CPU.Build.0 = Debug|Any CPU
		{1A94A50E-06DC-43C1-80B5-B662820EC3EB}.Release|Any CPU.ActiveCfg = Release|Any CPU
		{1A94A50E-06DC-43C1-80B5-B662820EC3EB}.Release|Any CPU.Build.0 = Release|Any CPU
		{C956DD76-69C8-4A9C-83EA-D17DF83340FD}.Debug|Any CPU.ActiveCfg = Debug|Any CPU
		{C956DD76-69C8-4A9C-83EA-D17DF83340FD}.Debug|Any CPU.Build.0 = Debug|Any CPU
		{C956DD76-69C8-4A9C-83EA-D17DF83340FD}.Release|Any CPU.ActiveCfg = Release|Any CPU
		{C956DD76-69C8-4A9C-83EA-D17DF83340FD}.Release|Any CPU.Build.0 = Release|Any CPU
		{0372FA84-C517-4EB3-9A9F-B9ACAC0CA5E0}.Debug|Any CPU.ActiveCfg = Debug|Any CPU
		{0372FA84-C517-4EB3-9A9F-B9ACAC0CA5E0}.Debug|Any CPU.Build.0 = Debug|Any CPU
		{0372FA84-C517-4EB3-9A9F-B9ACAC0CA5E0}.Release|Any CPU.ActiveCfg = Release|Any CPU
		{0372FA84-C517-4EB3-9A9F-B9ACAC0CA5E0}.Release|Any CPU.Build.0 = Release|Any CPU
		{42F719ED-8413-4895-B5B4-5AB56079BC66}.Debug|Any CPU.ActiveCfg = Debug|Any CPU
		{42F719ED-8413-4895-B5B4-5AB56079BC66}.Debug|Any CPU.Build.0 = Debug|Any CPU
		{42F719ED-8413-4895-B5B4-5AB56079BC66}.Release|Any CPU.ActiveCfg = Release|Any CPU
		{42F719ED-8413-4895-B5B4-5AB56079BC66}.Release|Any CPU.Build.0 = Release|Any CPU
		{520659C8-C734-4298-A3DA-B539DB9DFC0B}.Debug|Any CPU.ActiveCfg = Debug|Any CPU
		{520659C8-C734-4298-A3DA-B539DB9DFC0B}.Debug|Any CPU.Build.0 = Debug|Any CPU
		{520659C8-C734-4298-A3DA-B539DB9DFC0B}.Release|Any CPU.ActiveCfg = Release|Any CPU
		{520659C8-C734-4298-A3DA-B539DB9DFC0B}.Release|Any CPU.Build.0 = Release|Any CPU
		{4164BDF7-F527-4E85-9CE6-E3C2D7426A27}.Debug|Any CPU.ActiveCfg = Debug|Any CPU
		{4164BDF7-F527-4E85-9CE6-E3C2D7426A27}.Debug|Any CPU.Build.0 = Debug|Any CPU
		{4164BDF7-F527-4E85-9CE6-E3C2D7426A27}.Release|Any CPU.ActiveCfg = Release|Any CPU
		{4164BDF7-F527-4E85-9CE6-E3C2D7426A27}.Release|Any CPU.Build.0 = Release|Any CPU
		{3B5A0094-670D-4BB1-BFDD-61B88A8773DC}.Debug|Any CPU.ActiveCfg = Debug|Any CPU
		{3B5A0094-670D-4BB1-BFDD-61B88A8773DC}.Debug|Any CPU.Build.0 = Debug|Any CPU
		{3B5A0094-670D-4BB1-BFDD-61B88A8773DC}.Release|Any CPU.ActiveCfg = Release|Any CPU
		{3B5A0094-670D-4BB1-BFDD-61B88A8773DC}.Release|Any CPU.Build.0 = Release|Any CPU
		{6FE54035-9C11-4702-A5E2-D16F23101468}.Debug|Any CPU.ActiveCfg = Debug|Any CPU
		{6FE54035-9C11-4702-A5E2-D16F23101468}.Debug|Any CPU.Build.0 = Debug|Any CPU
		{6FE54035-9C11-4702-A5E2-D16F23101468}.Release|Any CPU.ActiveCfg = Release|Any CPU
		{6FE54035-9C11-4702-A5E2-D16F23101468}.Release|Any CPU.Build.0 = Release|Any CPU
		{073C361E-B8F4-49F5-93CC-72A3FF49C026}.Debug|Any CPU.ActiveCfg = Debug|Any CPU
		{073C361E-B8F4-49F5-93CC-72A3FF49C026}.Debug|Any CPU.Build.0 = Debug|Any CPU
		{073C361E-B8F4-49F5-93CC-72A3FF49C026}.Release|Any CPU.ActiveCfg = Release|Any CPU
		{073C361E-B8F4-49F5-93CC-72A3FF49C026}.Release|Any CPU.Build.0 = Release|Any CPU
		{E6D5BF0E-DE92-4D82-A352-EF04B37CB11C}.Debug|Any CPU.ActiveCfg = Debug|Any CPU
		{E6D5BF0E-DE92-4D82-A352-EF04B37CB11C}.Debug|Any CPU.Build.0 = Debug|Any CPU
		{E6D5BF0E-DE92-4D82-A352-EF04B37CB11C}.Release|Any CPU.ActiveCfg = Release|Any CPU
		{E6D5BF0E-DE92-4D82-A352-EF04B37CB11C}.Release|Any CPU.Build.0 = Release|Any CPU
		{AA94D832-1CCC-4715-95A9-A483F23A1A5D}.Debug|Any CPU.ActiveCfg = Debug|Any CPU
		{AA94D832-1CCC-4715-95A9-A483F23A1A5D}.Debug|Any CPU.Build.0 = Debug|Any CPU
		{AA94D832-1CCC-4715-95A9-A483F23A1A5D}.Release|Any CPU.ActiveCfg = Release|Any CPU
		{AA94D832-1CCC-4715-95A9-A483F23A1A5D}.Release|Any CPU.Build.0 = Release|Any CPU
		{F0EC1BEA-48D1-4A04-92A6-9F52BC600905}.Debug|Any CPU.ActiveCfg = Debug|Any CPU
		{F0EC1BEA-48D1-4A04-92A6-9F52BC600905}.Debug|Any CPU.Build.0 = Debug|Any CPU
		{F0EC1BEA-48D1-4A04-92A6-9F52BC600905}.Release|Any CPU.ActiveCfg = Release|Any CPU
		{F0EC1BEA-48D1-4A04-92A6-9F52BC600905}.Release|Any CPU.Build.0 = Release|Any CPU
		{BB52C560-E74F-4922-B2AB-107A4B32FFCB}.Debug|Any CPU.ActiveCfg = Debug|Any CPU
		{BB52C560-E74F-4922-B2AB-107A4B32FFCB}.Debug|Any CPU.Build.0 = Debug|Any CPU
		{BB52C560-E74F-4922-B2AB-107A4B32FFCB}.Release|Any CPU.ActiveCfg = Release|Any CPU
		{BB52C560-E74F-4922-B2AB-107A4B32FFCB}.Release|Any CPU.Build.0 = Release|Any CPU
		{E84545B7-9A1C-480E-B14A-1DB947DEE2EB}.Debug|Any CPU.ActiveCfg = Debug|Any CPU
		{E84545B7-9A1C-480E-B14A-1DB947DEE2EB}.Debug|Any CPU.Build.0 = Debug|Any CPU
		{E84545B7-9A1C-480E-B14A-1DB947DEE2EB}.Release|Any CPU.ActiveCfg = Release|Any CPU
		{E84545B7-9A1C-480E-B14A-1DB947DEE2EB}.Release|Any CPU.Build.0 = Release|Any CPU
		{D6830BE4-B59D-4117-8F0E-7378204E3BB2}.Debug|Any CPU.ActiveCfg = Debug|Any CPU
		{D6830BE4-B59D-4117-8F0E-7378204E3BB2}.Debug|Any CPU.Build.0 = Debug|Any CPU
		{D6830BE4-B59D-4117-8F0E-7378204E3BB2}.Release|Any CPU.ActiveCfg = Release|Any CPU
		{D6830BE4-B59D-4117-8F0E-7378204E3BB2}.Release|Any CPU.Build.0 = Release|Any CPU
		{C2226A46-16B2-49D0-9BB4-0BBC2022BC7B}.Debug|Any CPU.ActiveCfg = Debug|Any CPU
		{C2226A46-16B2-49D0-9BB4-0BBC2022BC7B}.Debug|Any CPU.Build.0 = Debug|Any CPU
		{C2226A46-16B2-49D0-9BB4-0BBC2022BC7B}.Release|Any CPU.ActiveCfg = Release|Any CPU
		{C2226A46-16B2-49D0-9BB4-0BBC2022BC7B}.Release|Any CPU.Build.0 = Release|Any CPU
		{62B81154-D0A1-4BCE-BC0A-5B39B7FB23B8}.Debug|Any CPU.ActiveCfg = Debug|Any CPU
		{62B81154-D0A1-4BCE-BC0A-5B39B7FB23B8}.Debug|Any CPU.Build.0 = Debug|Any CPU
		{62B81154-D0A1-4BCE-BC0A-5B39B7FB23B8}.Release|Any CPU.ActiveCfg = Release|Any CPU
		{62B81154-D0A1-4BCE-BC0A-5B39B7FB23B8}.Release|Any CPU.Build.0 = Release|Any CPU
		{AC6C8408-8392-40F3-ACD0-1696C612FD30}.Debug|Any CPU.ActiveCfg = Debug|Any CPU
		{AC6C8408-8392-40F3-ACD0-1696C612FD30}.Debug|Any CPU.Build.0 = Debug|Any CPU
		{AC6C8408-8392-40F3-ACD0-1696C612FD30}.Release|Any CPU.ActiveCfg = Release|Any CPU
		{AC6C8408-8392-40F3-ACD0-1696C612FD30}.Release|Any CPU.Build.0 = Release|Any CPU
	EndGlobalSection
	GlobalSection(SolutionProperties) = preSolution
		HideSolutionNode = FALSE
	EndGlobalSection
	GlobalSection(NestedProjects) = preSolution
		{554AD327-6DBA-4F8F-96F8-81CE7A0C863F} = {CA9AC87F-097E-4F15-8393-4BC07735A5B0}
		{1A94A50E-06DC-43C1-80B5-B662820EC3EB} = {CA9AC87F-097E-4F15-8393-4BC07735A5B0}
		{C956DD76-69C8-4A9C-83EA-D17DF83340FD} = {CA9AC87F-097E-4F15-8393-4BC07735A5B0}
		{0372FA84-C517-4EB3-9A9F-B9ACAC0CA5E0} = {CA9AC87F-097E-4F15-8393-4BC07735A5B0}
		{42F719ED-8413-4895-B5B4-5AB56079BC66} = {CA9AC87F-097E-4F15-8393-4BC07735A5B0}
		{520659C8-C734-4298-A3DA-B539DB9DFC0B} = {CA9AC87F-097E-4F15-8393-4BC07735A5B0}
		{4164BDF7-F527-4E85-9CE6-E3C2D7426A27} = {CA9AC87F-097E-4F15-8393-4BC07735A5B0}
		{3B5A0094-670D-4BB1-BFDD-61B88A8773DC} = {CA9AC87F-097E-4F15-8393-4BC07735A5B0}
		{6FE54035-9C11-4702-A5E2-D16F23101468} = {CA9AC87F-097E-4F15-8393-4BC07735A5B0}
		{073C361E-B8F4-49F5-93CC-72A3FF49C026} = {CA9AC87F-097E-4F15-8393-4BC07735A5B0}
		{E6D5BF0E-DE92-4D82-A352-EF04B37CB11C} = {CA9AC87F-097E-4F15-8393-4BC07735A5B0}
		{AA94D832-1CCC-4715-95A9-A483F23A1A5D} = {CA9AC87F-097E-4F15-8393-4BC07735A5B0}
		{F0EC1BEA-48D1-4A04-92A6-9F52BC600905} = {5C8E944F-6C9D-4FC5-AA7C-71BFF3F86EFB}
		{BB52C560-E74F-4922-B2AB-107A4B32FFCB} = {5C8E944F-6C9D-4FC5-AA7C-71BFF3F86EFB}
		{E84545B7-9A1C-480E-B14A-1DB947DEE2EB} = {5C8E944F-6C9D-4FC5-AA7C-71BFF3F86EFB}
		{D6830BE4-B59D-4117-8F0E-7378204E3BB2} = {7938DB39-8C08-4184-A796-4CA55E7AC428}
		{C2226A46-16B2-49D0-9BB4-0BBC2022BC7B} = {7938DB39-8C08-4184-A796-4CA55E7AC428}
		{62B81154-D0A1-4BCE-BC0A-5B39B7FB23B8} = {5C8E944F-6C9D-4FC5-AA7C-71BFF3F86EFB}
		{AC6C8408-8392-40F3-ACD0-1696C612FD30} = {5C8E944F-6C9D-4FC5-AA7C-71BFF3F86EFB}
	EndGlobalSection
	GlobalSection(ExtensibilityGlobals) = postSolution
		SolutionGuid = {28315BFD-90E7-4E14-A2EA-F3D23AF4126F}
	EndGlobalSection
EndGlobal
