
Microsoft Visual Studio Solution File, Format Version 12.00
# Visual Studio Version 16
VisualStudioVersion = 16.0.29020.237
MinimumVisualStudioVersion = 10.0.40219.1
Project("{9A19103F-16F7-4668-BE54-9A1E7A4F7556}") = "Abp.VNext.Hello.Domain", "src\Abp.VNext.Hello.Domain\Abp.VNext.Hello.Domain.csproj", "{554AD327-6DBA-4F8F-96F8-81CE7A0C863F}"
EndProject
Project("{9A19103F-16F7-4668-BE54-9A1E7A4F7556}") = "Abp.VNext.Hello.Application", "src\Abp.VNext.Hello.Application\Abp.VNext.Hello.Application.csproj", "{1A94A50E-06DC-43C1-80B5-B662820EC3EB}"
EndProject
Project("{9A19103F-16F7-4668-BE54-9A1E7A4F7556}") = "Abp.VNext.Hello.EntityFrameworkCore", "src\Abp.VNext.Hello.EntityFrameworkCore\Abp.VNext.Hello.EntityFrameworkCore.csproj", "{C956DD76-69C8-4A9C-83EA-D17DF83340FD}"
EndProject
Project("{9A19103F-16F7-4668-BE54-9A1E7A4F7556}") = "Abp.VNext.Hello.Web", "src\Abp.VNext.Hello.Web\Abp.VNext.Hello.Web.csproj", "{068855E8-9240-4F1A-910B-CF825794513B}"
EndProject
Project("{2150E333-8FDC-42A3-9474-1A3956D46DE8}") = "src", "src", "{CA9AC87F-097E-4F15-8393-4BC07735A5B0}"
EndProject
Project("{9A19103F-16F7-4668-BE54-9A1E7A4F7556}") = "Abp.VNext.Hello.EntityFrameworkCore.DbMigrations", "src\Abp.VNext.Hello.EntityFrameworkCore.DbMigrations\Abp.VNext.Hello.EntityFrameworkCore.DbMigrations.csproj", "{0372FA84-C517-4EB3-9A9F-B9ACAC0CA5E0}"
EndProject
Project("{9A19103F-16F7-4668-BE54-9A1E7A4F7556}") = "Abp.VNext.Hello.Domain.Shared", "src\Abp.VNext.Hello.Domain.Shared\Abp.VNext.Hello.Domain.Shared.csproj", "{42F719ED-8413-4895-B5B4-5AB56079BC66}"
EndProject
Project("{9A19103F-16F7-4668-BE54-9A1E7A4F7556}") = "Abp.VNext.Hello.Application.Contracts", "src\Abp.VNext.Hello.Application.Contracts\Abp.VNext.Hello.Application.Contracts.csproj", "{520659C8-C734-4298-A3DA-B539DB9DFC0B}"
EndProject
Project("{9A19103F-16F7-4668-BE54-9A1E7A4F7556}") = "Abp.VNext.Hello.HttpApi", "src\Abp.VNext.Hello.HttpApi\Abp.VNext.Hello.HttpApi.csproj", "{4164BDF7-F527-4E85-9CE6-E3C2D7426A27}"
EndProject
Project("{9A19103F-16F7-4668-BE54-9A1E7A4F7556}") = "Abp.VNext.Hello.HttpApi.Client", "src\Abp.VNext.Hello.HttpApi.Client\Abp.VNext.Hello.HttpApi.Client.csproj", "{3B5A0094-670D-4BB1-BFDD-61B88A8773DC}"
EndProject
Project("{9A19103F-16F7-4668-BE54-9A1E7A4F7556}") = "Abp.VNext.Hello.DbMigrator", "src\Abp.VNext.Hello.DbMigrator\Abp.VNext.Hello.DbMigrator.csproj", "{AA94D832-1CCC-4715-95A9-A483F23A1A5D}"
EndProject
Project("{2150E333-8FDC-42A3-9474-1A3956D46DE8}") = "IdentityServer4", "IdentityServer4", "{D69A0CD2-1173-47D3-A522-CDA9CDE83957}"
EndProject
Project("{9A19103F-16F7-4668-BE54-9A1E7A4F7556}") = "IdentityServer4", "..\IdentityServer4\src\IdentityServer4\src\IdentityServer4.csproj", "{2A90BFA7-6673-4445-AAE0-4F60C35F4D3F}"
EndProject
Project("{9A19103F-16F7-4668-BE54-9A1E7A4F7556}") = "IdentityServer4.AspNetIdentity", "..\IdentityServer4\src\AspNetIdentity\src\IdentityServer4.AspNetIdentity.csproj", "{D179BB7C-0076-44D0-B238-E8107F801D30}"
EndProject
Project("{9A19103F-16F7-4668-BE54-9A1E7A4F7556}") = "IdentityServer4.AccessTokenValidation", "..\IdentityServer4.AccessTokenValidation\src\IdentityServer4.AccessTokenValidation.csproj", "{94D0F17C-2156-4454-901A-BA8E11B3FAB6}"
EndProject
Project("{2150E333-8FDC-42A3-9474-1A3956D46DE8}") = "IdentityModel", "IdentityModel", "{428A63CF-CDC3-4389-9926-AC9105F4B124}"
EndProject
Project("{9A19103F-16F7-4668-BE54-9A1E7A4F7556}") = "IdentityModel", "..\IdentityModel\src\IdentityModel.csproj", "{5BEFBACE-0AD7-4DAD-8046-FBB1F41BA961}"
EndProject
Project("{9A19103F-16F7-4668-BE54-9A1E7A4F7556}") = "IdentityModel.AspNetCore.OAuth2Introspection", "..\IdentityModel.AspNetCore.OAuth2Introspection\src\IdentityModel.AspNetCore.OAuth2Introspection.csproj", "{221A9F80-FC1D-48DA-945E-29B16FCA2FD2}"
EndProject
Project("{9A19103F-16F7-4668-BE54-9A1E7A4F7556}") = "IdentityServer4.Storage", "..\IdentityServer4\src\Storage\src\IdentityServer4.Storage.csproj", "{9A919926-B172-4E03-91CD-417E724CC4A1}"
EndProject
Global
	GlobalSection(SolutionConfigurationPlatforms) = preSolution
		Debug|Any CPU = Debug|Any CPU
		Release|Any CPU = Release|Any CPU
	EndGlobalSection
	GlobalSection(ProjectConfigurationPlatforms) = postSolution
		{554AD327-6DBA-4F8F-96F8-81CE7A0C863F}.Debug|Any CPU.ActiveCfg = Debug|Any CPU
		{554AD327-6DBA-4F8F-96F8-81CE7A0C863F}.Debug|Any CPU.Build.0 = Debug|Any CPU
		{554AD327-6DBA-4F8F-96F8-81CE7A0C863F}.Release|Any CPU.ActiveCfg = Release|Any CPU
		{554AD327-6DBA-4F8F-96F8-81CE7A0C863F}.Release|Any CPU.Build.0 = Release|Any CPU
		{1A94A50E-06DC-43C1-80B5-B662820EC3EB}.Debug|Any CPU.ActiveCfg = Debug|Any CPU
		{1A94A50E-06DC-43C1-80B5-B662820EC3EB}.Debug|Any CPU.Build.0 = Debug|Any CPU
		{1A94A50E-06DC-43C1-80B5-B662820EC3EB}.Release|Any CPU.ActiveCfg = Release|Any CPU
		{1A94A50E-06DC-43C1-80B5-B662820EC3EB}.Release|Any CPU.Build.0 = Release|Any CPU
		{C956DD76-69C8-4A9C-83EA-D17DF83340FD}.Debug|Any CPU.ActiveCfg = Debug|Any CPU
		{C956DD76-69C8-4A9C-83EA-D17DF83340FD}.Debug|Any CPU.Build.0 = Debug|Any CPU
		{C956DD76-69C8-4A9C-83EA-D17DF83340FD}.Release|Any CPU.ActiveCfg = Release|Any CPU
		{C956DD76-69C8-4A9C-83EA-D17DF83340FD}.Release|Any CPU.Build.0 = Release|Any CPU
		{068855E8-9240-4F1A-910B-CF825794513B}.Debug|Any CPU.ActiveCfg = Debug|Any CPU
		{068855E8-9240-4F1A-910B-CF825794513B}.Debug|Any CPU.Build.0 = Debug|Any CPU
		{068855E8-9240-4F1A-910B-CF825794513B}.Release|Any CPU.ActiveCfg = Release|Any CPU
		{068855E8-9240-4F1A-910B-CF825794513B}.Release|Any CPU.Build.0 = Release|Any CPU
		{0372FA84-C517-4EB3-9A9F-B9ACAC0CA5E0}.Debug|Any CPU.ActiveCfg = Debug|Any CPU
		{0372FA84-C517-4EB3-9A9F-B9ACAC0CA5E0}.Debug|Any CPU.Build.0 = Debug|Any CPU
		{0372FA84-C517-4EB3-9A9F-B9ACAC0CA5E0}.Release|Any CPU.ActiveCfg = Release|Any CPU
		{0372FA84-C517-4EB3-9A9F-B9ACAC0CA5E0}.Release|Any CPU.Build.0 = Release|Any CPU
		{42F719ED-8413-4895-B5B4-5AB56079BC66}.Debug|Any CPU.ActiveCfg = Debug|Any CPU
		{42F719ED-8413-4895-B5B4-5AB56079BC66}.Debug|Any CPU.Build.0 = Debug|Any CPU
		{42F719ED-8413-4895-B5B4-5AB56079BC66}.Release|Any CPU.ActiveCfg = Release|Any CPU
		{42F719ED-8413-4895-B5B4-5AB56079BC66}.Release|Any CPU.Build.0 = Release|Any CPU
		{520659C8-C734-4298-A3DA-B539DB9DFC0B}.Debug|Any CPU.ActiveCfg = Debug|Any CPU
		{520659C8-C734-4298-A3DA-B539DB9DFC0B}.Debug|Any CPU.Build.0 = Debug|Any CPU
		{520659C8-C734-4298-A3DA-B539DB9DFC0B}.Release|Any CPU.ActiveCfg = Release|Any CPU
		{520659C8-C734-4298-A3DA-B539DB9DFC0B}.Release|Any CPU.Build.0 = Release|Any CPU
		{4164BDF7-F527-4E85-9CE6-E3C2D7426A27}.Debug|Any CPU.ActiveCfg = Debug|Any CPU
		{4164BDF7-F527-4E85-9CE6-E3C2D7426A27}.Debug|Any CPU.Build.0 = Debug|Any CPU
		{4164BDF7-F527-4E85-9CE6-E3C2D7426A27}.Release|Any CPU.ActiveCfg = Release|Any CPU
		{4164BDF7-F527-4E85-9CE6-E3C2D7426A27}.Release|Any CPU.Build.0 = Release|Any CPU
		{3B5A0094-670D-4BB1-BFDD-61B88A8773DC}.Debug|Any CPU.ActiveCfg = Debug|Any CPU
		{3B5A0094-670D-4BB1-BFDD-61B88A8773DC}.Debug|Any CPU.Build.0 = Debug|Any CPU
		{3B5A0094-670D-4BB1-BFDD-61B88A8773DC}.Release|Any CPU.ActiveCfg = Release|Any CPU
		{3B5A0094-670D-4BB1-BFDD-61B88A8773DC}.Release|Any CPU.Build.0 = Release|Any CPU
		{AA94D832-1CCC-4715-95A9-A483F23A1A5D}.Debug|Any CPU.ActiveCfg = Debug|Any CPU
		{AA94D832-1CCC-4715-95A9-A483F23A1A5D}.Debug|Any CPU.Build.0 = Debug|Any CPU
		{AA94D832-1CCC-4715-95A9-A483F23A1A5D}.Release|Any CPU.ActiveCfg = Release|Any CPU
		{AA94D832-1CCC-4715-95A9-A483F23A1A5D}.Release|Any CPU.Build.0 = Release|Any CPU
		{2A90BFA7-6673-4445-AAE0-4F60C35F4D3F}.Debug|Any CPU.ActiveCfg = Debug|Any CPU
		{2A90BFA7-6673-4445-AAE0-4F60C35F4D3F}.Debug|Any CPU.Build.0 = Debug|Any CPU
		{2A90BFA7-6673-4445-AAE0-4F60C35F4D3F}.Release|Any CPU.ActiveCfg = Release|Any CPU
		{2A90BFA7-6673-4445-AAE0-4F60C35F4D3F}.Release|Any CPU.Build.0 = Release|Any CPU
		{D179BB7C-0076-44D0-B238-E8107F801D30}.Debug|Any CPU.ActiveCfg = Debug|Any CPU
		{D179BB7C-0076-44D0-B238-E8107F801D30}.Debug|Any CPU.Build.0 = Debug|Any CPU
		{D179BB7C-0076-44D0-B238-E8107F801D30}.Release|Any CPU.ActiveCfg = Release|Any CPU
		{D179BB7C-0076-44D0-B238-E8107F801D30}.Release|Any CPU.Build.0 = Release|Any CPU
		{94D0F17C-2156-4454-901A-BA8E11B3FAB6}.Debug|Any CPU.ActiveCfg = Debug|Any CPU
		{94D0F17C-2156-4454-901A-BA8E11B3FAB6}.Debug|Any CPU.Build.0 = Debug|Any CPU
		{94D0F17C-2156-4454-901A-BA8E11B3FAB6}.Release|Any CPU.ActiveCfg = Release|Any CPU
		{94D0F17C-2156-4454-901A-BA8E11B3FAB6}.Release|Any CPU.Build.0 = Release|Any CPU
		{5BEFBACE-0AD7-4DAD-8046-FBB1F41BA961}.Debug|Any CPU.ActiveCfg = Debug|Any CPU
		{5BEFBACE-0AD7-4DAD-8046-FBB1F41BA961}.Debug|Any CPU.Build.0 = Debug|Any CPU
		{5BEFBACE-0AD7-4DAD-8046-FBB1F41BA961}.Release|Any CPU.ActiveCfg = Release|Any CPU
		{5BEFBACE-0AD7-4DAD-8046-FBB1F41BA961}.Release|Any CPU.Build.0 = Release|Any CPU
		{221A9F80-FC1D-48DA-945E-29B16FCA2FD2}.Debug|Any CPU.ActiveCfg = Debug|Any CPU
		{221A9F80-FC1D-48DA-945E-29B16FCA2FD2}.Debug|Any CPU.Build.0 = Debug|Any CPU
		{221A9F80-FC1D-48DA-945E-29B16FCA2FD2}.Release|Any CPU.ActiveCfg = Release|Any CPU
		{221A9F80-FC1D-48DA-945E-29B16FCA2FD2}.Release|Any CPU.Build.0 = Release|Any CPU
		{9A919926-B172-4E03-91CD-417E724CC4A1}.Debug|Any CPU.ActiveCfg = Debug|Any CPU
		{9A919926-B172-4E03-91CD-417E724CC4A1}.Debug|Any CPU.Build.0 = Debug|Any CPU
		{9A919926-B172-4E03-91CD-417E724CC4A1}.Release|Any CPU.ActiveCfg = Release|Any CPU
		{9A919926-B172-4E03-91CD-417E724CC4A1}.Release|Any CPU.Build.0 = Release|Any CPU
	EndGlobalSection
	GlobalSection(SolutionProperties) = preSolution
		HideSolutionNode = FALSE
	EndGlobalSection
	GlobalSection(NestedProjects) = preSolution
		{554AD327-6DBA-4F8F-96F8-81CE7A0C863F} = {CA9AC87F-097E-4F15-8393-4BC07735A5B0}
		{1A94A50E-06DC-43C1-80B5-B662820EC3EB} = {CA9AC87F-097E-4F15-8393-4BC07735A5B0}
		{C956DD76-69C8-4A9C-83EA-D17DF83340FD} = {CA9AC87F-097E-4F15-8393-4BC07735A5B0}
		{068855E8-9240-4F1A-910B-CF825794513B} = {CA9AC87F-097E-4F15-8393-4BC07735A5B0}
		{0372FA84-C517-4EB3-9A9F-B9ACAC0CA5E0} = {CA9AC87F-097E-4F15-8393-4BC07735A5B0}
		{42F719ED-8413-4895-B5B4-5AB56079BC66} = {CA9AC87F-097E-4F15-8393-4BC07735A5B0}
		{520659C8-C734-4298-A3DA-B539DB9DFC0B} = {CA9AC87F-097E-4F15-8393-4BC07735A5B0}
		{4164BDF7-F527-4E85-9CE6-E3C2D7426A27} = {CA9AC87F-097E-4F15-8393-4BC07735A5B0}
		{3B5A0094-670D-4BB1-BFDD-61B88A8773DC} = {CA9AC87F-097E-4F15-8393-4BC07735A5B0}
		{AA94D832-1CCC-4715-95A9-A483F23A1A5D} = {CA9AC87F-097E-4F15-8393-4BC07735A5B0}
		{2A90BFA7-6673-4445-AAE0-4F60C35F4D3F} = {D69A0CD2-1173-47D3-A522-CDA9CDE83957}
		{D179BB7C-0076-44D0-B238-E8107F801D30} = {D69A0CD2-1173-47D3-A522-CDA9CDE83957}
		{94D0F17C-2156-4454-901A-BA8E11B3FAB6} = {D69A0CD2-1173-47D3-A522-CDA9CDE83957}
		{5BEFBACE-0AD7-4DAD-8046-FBB1F41BA961} = {428A63CF-CDC3-4389-9926-AC9105F4B124}
		{221A9F80-FC1D-48DA-945E-29B16FCA2FD2} = {428A63CF-CDC3-4389-9926-AC9105F4B124}
		{9A919926-B172-4E03-91CD-417E724CC4A1} = {D69A0CD2-1173-47D3-A522-CDA9CDE83957}
	EndGlobalSection
	GlobalSection(ExtensibilityGlobals) = postSolution
		SolutionGuid = {28315BFD-90E7-4E14-A2EA-F3D23AF4126F}
	EndGlobalSection
EndGlobal
