
Microsoft Visual Studio Solution File, Format Version 12.00
# Visual Studio Version 17
VisualStudioVersion = 17.0.31912.275
MinimumVisualStudioVersion = 10.0.40219.1
Project("{9A19103F-16F7-4668-BE54-9A1E7A4F7556}") = "Abp.VNext.Hello.Domain", "src\Abp.VNext.Hello.Domain\Abp.VNext.Hello.Domain.csproj", "{554AD327-6DBA-4F8F-96F8-81CE7A0C863F}"
EndProject
Project("{9A19103F-16F7-4668-BE54-9A1E7A4F7556}") = "Abp.VNext.Hello.Application", "src\Abp.VNext.Hello.Application\Abp.VNext.Hello.Application.csproj", "{1A94A50E-06DC-43C1-80B5-B662820EC3EB}"
EndProject
Project("{9A19103F-16F7-4668-BE54-9A1E7A4F7556}") = "Abp.VNext.Hello.EntityFrameworkCore", "src\Abp.VNext.Hello.EntityFrameworkCore\Abp.VNext.Hello.EntityFrameworkCore.csproj", "{C956DD76-69C8-4A9C-83EA-D17DF83340FD}"
EndProject
Project("{2150E333-8FDC-42A3-9474-1A3956D46DE8}") = "src", "src", "{CA9AC87F-097E-4F15-8393-4BC07735A5B0}"
EndProject
Project("{9A19103F-16F7-4668-BE54-9A1E7A4F7556}") = "Abp.VNext.Hello.Domain.Shared", "src\Abp.VNext.Hello.Domain.Shared\Abp.VNext.Hello.Domain.Shared.csproj", "{42F719ED-8413-4895-B5B4-5AB56079BC66}"
EndProject
Project("{9A19103F-16F7-4668-BE54-9A1E7A4F7556}") = "Abp.VNext.Hello.Application.Contracts", "src\Abp.VNext.Hello.Application.Contracts\Abp.VNext.Hello.Application.Contracts.csproj", "{520659C8-C734-4298-A3DA-B539DB9DFC0B}"
EndProject
Project("{9A19103F-16F7-4668-BE54-9A1E7A4F7556}") = "Abp.VNext.Hello.HttpApi", "src\Abp.VNext.Hello.HttpApi\Abp.VNext.Hello.HttpApi.csproj", "{4164BDF7-F527-4E85-9CE6-E3C2D7426A27}"
EndProject
Project("{9A19103F-16F7-4668-BE54-9A1E7A4F7556}") = "Abp.VNext.Hello.HttpApi.Client", "src\Abp.VNext.Hello.HttpApi.Client\Abp.VNext.Hello.HttpApi.Client.csproj", "{3B5A0094-670D-4BB1-BFDD-61B88A8773DC}"
EndProject
Project("{9A19103F-16F7-4668-BE54-9A1E7A4F7556}") = "Abp.VNext.Hello.Web", "src\Abp.VNext.Hello.Web\Abp.VNext.Hello.Web.csproj", "{6FE54035-9C11-4702-A5E2-D16F23101468}"
EndProject
Project("{9A19103F-16F7-4668-BE54-9A1E7A4F7556}") = "Abp.VNext.Hello.IdentityServer", "src\Abp.VNext.Hello.IdentityServer\Abp.VNext.Hello.IdentityServer.csproj", "{073C361E-B8F4-49F5-93CC-72A3FF49C026}"
EndProject
Project("{9A19103F-16F7-4668-BE54-9A1E7A4F7556}") = "Abp.VNext.Hello.HttpApi.Host", "src\Abp.VNext.Hello.HttpApi.Host\Abp.VNext.Hello.HttpApi.Host.csproj", "{E6D5BF0E-DE92-4D82-A352-EF04B37CB11C}"
EndProject
Project("{9A19103F-16F7-4668-BE54-9A1E7A4F7556}") = "Hello.Authentication.MiniProgram.WeChat", "src\Hello.Authentication.MiniProgram.WeChat\Hello.Authentication.MiniProgram.WeChat.csproj", "{83ED9CF0-1B1D-4329-B85E-BCD65CD695D2}"
EndProject
Project("{2150E333-8FDC-42A3-9474-1A3956D46DE8}") = "dapr-sdk-1.4.0", "dapr-sdk-1.4.0", "{756D3A9B-A4F2-45D3-B585-3DE9E48EEA43}"
EndProject
Project("{9A19103F-16F7-4668-BE54-9A1E7A4F7556}") = "Dapr.Actors", "dapr-sdk-1.4.0\Dapr.Actors\Dapr.Actors.csproj", "{19D8F2E9-0152-4943-B5A7-CDD6E7EE27A4}"
EndProject
Project("{9A19103F-16F7-4668-BE54-9A1E7A4F7556}") = "Dapr.Actors.AspNetCore", "dapr-sdk-1.4.0\Dapr.Actors.AspNetCore\Dapr.Actors.AspNetCore.csproj", "{D8E5B8A0-9224-4E7D-9D74-F8C8FE2D65C7}"
EndProject
Project("{9A19103F-16F7-4668-BE54-9A1E7A4F7556}") = "Dapr.AspNetCore", "dapr-sdk-1.4.0\Dapr.AspNetCore\Dapr.AspNetCore.csproj", "{82CA3776-0F10-4C85-AC31-BA99340E9ABC}"
EndProject
Project("{9A19103F-16F7-4668-BE54-9A1E7A4F7556}") = "Dapr.Client", "dapr-sdk-1.4.0\Dapr.Client\Dapr.Client.csproj", "{163330CF-2CFD-4DA2-B70D-E1FE76FA3821}"
EndProject
Project("{9A19103F-16F7-4668-BE54-9A1E7A4F7556}") = "Dapr.Extensions.Configuration", "dapr-sdk-1.4.0\Dapr.Extensions.Configuration\Dapr.Extensions.Configuration.csproj", "{FC0CAB9B-142D-4E68-8A39-E38D81141531}"
EndProject
Project("{2150E333-8FDC-42A3-9474-1A3956D46DE8}") = "deploy", "deploy", "{0CD8FB98-59C9-4B9A-9DF1-70BE18A8B2CA}"
EndProject
Project("{2150E333-8FDC-42A3-9474-1A3956D46DE8}") = "k8s", "k8s", "{D1841C87-209D-4A5B-9136-C8D9672C8E6D}"
EndProject
Project("{2150E333-8FDC-42A3-9474-1A3956D46DE8}") = "helm", "helm", "{CE589F65-67E2-4790-AFBA-1482A84346EA}"
	ProjectSection(SolutionItems) = preProject
		deploy\k8s\helm\Chart.yaml = deploy\k8s\helm\Chart.yaml
		deploy\k8s\helm\readme.txt = deploy\k8s\helm\readme.txt
		deploy\k8s\helm\values.yaml = deploy\k8s\helm\values.yaml
	EndProjectSection
EndProject
Project("{2150E333-8FDC-42A3-9474-1A3956D46DE8}") = "templates", "templates", "{7B7C62A5-0535-4CD4-B05A-86B7908488E8}"
	ProjectSection(SolutionItems) = preProject
		deploy\k8s\helm\templates\abp.vnext.hello.httpapi.host.yaml = deploy\k8s\helm\templates\abp.vnext.hello.httpapi.host.yaml
		deploy\k8s\helm\templates\abp.vnext.hello.ids4.yaml = deploy\k8s\helm\templates\abp.vnext.hello.ids4.yaml
		deploy\k8s\helm\templates\abp.vnext.hello.web.yaml = deploy\k8s\helm\templates\abp.vnext.hello.web.yaml
		deploy\k8s\helm\templates\dapr-config.yaml = deploy\k8s\helm\templates\dapr-config.yaml
		deploy\k8s\helm\templates\envoy-api-gateway.yaml = deploy\k8s\helm\templates\envoy-api-gateway.yaml
		deploy\k8s\helm\templates\mysql.yaml = deploy\k8s\helm\templates\mysql.yaml
		deploy\k8s\helm\templates\namespace.yaml = deploy\k8s\helm\templates\namespace.yaml
		deploy\k8s\helm\templates\rabbitmq-pubsub.yaml = deploy\k8s\helm\templates\rabbitmq-pubsub.yaml
		deploy\k8s\helm\templates\rabbitmq.yaml = deploy\k8s\helm\templates\rabbitmq.yaml
		deploy\k8s\helm\templates\redis-statestore.yaml = deploy\k8s\helm\templates\redis-statestore.yaml
		deploy\k8s\helm\templates\redis.yaml = deploy\k8s\helm\templates\redis.yaml
		deploy\k8s\helm\templates\secrets.yaml = deploy\k8s\helm\templates\secrets.yaml
		deploy\k8s\helm\templates\sendmail.yaml = deploy\k8s\helm\templates\sendmail.yaml
		deploy\k8s\helm\templates\seq.yaml = deploy\k8s\helm\templates\seq.yaml
		deploy\k8s\helm\templates\webstatus.yaml = deploy\k8s\helm\templates\webstatus.yaml
		deploy\k8s\helm\templates\zipkin.yaml = deploy\k8s\helm\templates\zipkin.yaml
	EndProjectSection
EndProject
Project("{2150E333-8FDC-42A3-9474-1A3956D46DE8}") = "dapr", "dapr", "{57C49A11-AF01-4626-BA74-6E427D5FE35E}"
EndProject
Project("{2150E333-8FDC-42A3-9474-1A3956D46DE8}") = "components", "components", "{855EAC61-2ADB-494F-90C6-CE964ED8EB17}"
	ProjectSection(SolutionItems) = preProject
		dapr\components\abp.vnext.hello-email.yaml = dapr\components\abp.vnext.hello-email.yaml
		dapr\components\abp.vnext.hello-pubsub.yaml = dapr\components\abp.vnext.hello-pubsub.yaml
		dapr\components\abp.vnext.hello-secretstore.json = dapr\components\abp.vnext.hello-secretstore.json
		dapr\components\abp.vnext.hello-secretstore.yaml = dapr\components\abp.vnext.hello-secretstore.yaml
		dapr\components\abp.vnext.hello-statestore.yaml = dapr\components\abp.vnext.hello-statestore.yaml
	EndProjectSection
EndProject
Project("{2150E333-8FDC-42A3-9474-1A3956D46DE8}") = "configuration", "configuration", "{34382B03-70AC-465F-985D-B8308B1E00BE}"
	ProjectSection(SolutionItems) = preProject
		dapr\configuration\abp.vnext.hello-config.yaml = dapr\configuration\abp.vnext.hello-config.yaml
	EndProjectSection
EndProject
Project("{2150E333-8FDC-42A3-9474-1A3956D46DE8}") = "ApiGateways", "ApiGateways", "{C5E48CAF-6462-4DF7-8BBD-2656774984FC}"
EndProject
Project("{2150E333-8FDC-42A3-9474-1A3956D46DE8}") = "Aggregators", "Aggregators", "{4D474065-8F62-405A-AD17-87EF57AAD2F5}"
EndProject
Project("{2150E333-8FDC-42A3-9474-1A3956D46DE8}") = "Envoy", "Envoy", "{45B08EBA-BA08-48AE-B359-B1A86E1086C6}"
	ProjectSection(SolutionItems) = preProject
		src\ApiGateways\Envoy\envoy.yaml = src\ApiGateways\Envoy\envoy.yaml
	EndProjectSection
EndProject
Project("{2150E333-8FDC-42A3-9474-1A3956D46DE8}") = "BuildingBlocks", "BuildingBlocks", "{6BC60BA1-6456-4B9A-BDA6-2B89371D1669}"
EndProject
Project("{2150E333-8FDC-42A3-9474-1A3956D46DE8}") = "EventBus", "EventBus", "{BEF0B52C-A526-49F4-BEB6-9FCC1E19D2A1}"
EndProject
Project("{9A19103F-16F7-4668-BE54-9A1E7A4F7556}") = "EventBus", "src\BuildingBlocks\EventBus\EventBus.csproj", "{38046D11-824A-49D1-854F-C36844AED65B}"
EndProject
Project("{2150E333-8FDC-42A3-9474-1A3956D46DE8}") = "Healthchecks", "Healthchecks", "{C6B0F1FC-C055-4F68-A423-F5462352C86C}"
EndProject
Project("{9A19103F-16F7-4668-BE54-9A1E7A4F7556}") = "Healthchecks", "src\BuildingBlocks\Healthchecks\Healthchecks.csproj", "{0D4182ED-83C6-4504-9396-DA180064B8AE}"
EndProject
Project("{E53339B2-1760-4266-BCC7-CA923CBCF16C}") = "docker-compose", "docker-compose.dcproj", "{0631F74C-EEF5-4B68-97F8-A303872C71E1}"
EndProject
Project("{9A19103F-16F7-4668-BE54-9A1E7A4F7556}") = "Abp.VNext.Hello.DbMigrator", "src\Abp.VNext.Hello.DbMigrator\Abp.VNext.Hello.DbMigrator.csproj", "{537D3092-B708-4A87-9A3F-30C088986F94}"
EndProject
Global
	GlobalSection(SolutionConfigurationPlatforms) = preSolution
		Debug|Any CPU = Debug|Any CPU
		Debug|x64 = Debug|x64
		Release|Any CPU = Release|Any CPU
		Release|x64 = Release|x64
	EndGlobalSection
	GlobalSection(ProjectConfigurationPlatforms) = postSolution
		{554AD327-6DBA-4F8F-96F8-81CE7A0C863F}.Debug|Any CPU.ActiveCfg = Debug|Any CPU
		{554AD327-6DBA-4F8F-96F8-81CE7A0C863F}.Debug|Any CPU.Build.0 = Debug|Any CPU
		{554AD327-6DBA-4F8F-96F8-81CE7A0C863F}.Debug|x64.ActiveCfg = Debug|x64
		{554AD327-6DBA-4F8F-96F8-81CE7A0C863F}.Debug|x64.Build.0 = Debug|x64
		{554AD327-6DBA-4F8F-96F8-81CE7A0C863F}.Release|Any CPU.ActiveCfg = Release|Any CPU
		{554AD327-6DBA-4F8F-96F8-81CE7A0C863F}.Release|Any CPU.Build.0 = Release|Any CPU
		{554AD327-6DBA-4F8F-96F8-81CE7A0C863F}.Release|x64.ActiveCfg = Release|x64
		{554AD327-6DBA-4F8F-96F8-81CE7A0C863F}.Release|x64.Build.0 = Release|x64
		{1A94A50E-06DC-43C1-80B5-B662820EC3EB}.Debug|Any CPU.ActiveCfg = Debug|Any CPU
		{1A94A50E-06DC-43C1-80B5-B662820EC3EB}.Debug|Any CPU.Build.0 = Debug|Any CPU
		{1A94A50E-06DC-43C1-80B5-B662820EC3EB}.Debug|x64.ActiveCfg = Debug|x64
		{1A94A50E-06DC-43C1-80B5-B662820EC3EB}.Debug|x64.Build.0 = Debug|x64
		{1A94A50E-06DC-43C1-80B5-B662820EC3EB}.Release|Any CPU.ActiveCfg = Release|Any CPU
		{1A94A50E-06DC-43C1-80B5-B662820EC3EB}.Release|Any CPU.Build.0 = Release|Any CPU
		{1A94A50E-06DC-43C1-80B5-B662820EC3EB}.Release|x64.ActiveCfg = Release|x64
		{1A94A50E-06DC-43C1-80B5-B662820EC3EB}.Release|x64.Build.0 = Release|x64
		{C956DD76-69C8-4A9C-83EA-D17DF83340FD}.Debug|Any CPU.ActiveCfg = Debug|Any CPU
		{C956DD76-69C8-4A9C-83EA-D17DF83340FD}.Debug|Any CPU.Build.0 = Debug|Any CPU
		{C956DD76-69C8-4A9C-83EA-D17DF83340FD}.Debug|x64.ActiveCfg = Debug|x64
		{C956DD76-69C8-4A9C-83EA-D17DF83340FD}.Debug|x64.Build.0 = Debug|x64
		{C956DD76-69C8-4A9C-83EA-D17DF83340FD}.Release|Any CPU.ActiveCfg = Release|Any CPU
		{C956DD76-69C8-4A9C-83EA-D17DF83340FD}.Release|Any CPU.Build.0 = Release|Any CPU
		{C956DD76-69C8-4A9C-83EA-D17DF83340FD}.Release|x64.ActiveCfg = Release|x64
		{C956DD76-69C8-4A9C-83EA-D17DF83340FD}.Release|x64.Build.0 = Release|x64
		{42F719ED-8413-4895-B5B4-5AB56079BC66}.Debug|Any CPU.ActiveCfg = Debug|Any CPU
		{42F719ED-8413-4895-B5B4-5AB56079BC66}.Debug|Any CPU.Build.0 = Debug|Any CPU
		{42F719ED-8413-4895-B5B4-5AB56079BC66}.Debug|x64.ActiveCfg = Debug|x64
		{42F719ED-8413-4895-B5B4-5AB56079BC66}.Debug|x64.Build.0 = Debug|x64
		{42F719ED-8413-4895-B5B4-5AB56079BC66}.Release|Any CPU.ActiveCfg = Release|Any CPU
		{42F719ED-8413-4895-B5B4-5AB56079BC66}.Release|Any CPU.Build.0 = Release|Any CPU
		{42F719ED-8413-4895-B5B4-5AB56079BC66}.Release|x64.ActiveCfg = Release|x64
		{42F719ED-8413-4895-B5B4-5AB56079BC66}.Release|x64.Build.0 = Release|x64
		{520659C8-C734-4298-A3DA-B539DB9DFC0B}.Debug|Any CPU.ActiveCfg = Debug|Any CPU
		{520659C8-C734-4298-A3DA-B539DB9DFC0B}.Debug|Any CPU.Build.0 = Debug|Any CPU
		{520659C8-C734-4298-A3DA-B539DB9DFC0B}.Debug|x64.ActiveCfg = Debug|x64
		{520659C8-C734-4298-A3DA-B539DB9DFC0B}.Debug|x64.Build.0 = Debug|x64
		{520659C8-C734-4298-A3DA-B539DB9DFC0B}.Release|Any CPU.ActiveCfg = Release|Any CPU
		{520659C8-C734-4298-A3DA-B539DB9DFC0B}.Release|Any CPU.Build.0 = Release|Any CPU
		{520659C8-C734-4298-A3DA-B539DB9DFC0B}.Release|x64.ActiveCfg = Release|x64
		{520659C8-C734-4298-A3DA-B539DB9DFC0B}.Release|x64.Build.0 = Release|x64
		{4164BDF7-F527-4E85-9CE6-E3C2D7426A27}.Debug|Any CPU.ActiveCfg = Debug|Any CPU
		{4164BDF7-F527-4E85-9CE6-E3C2D7426A27}.Debug|Any CPU.Build.0 = Debug|Any CPU
		{4164BDF7-F527-4E85-9CE6-E3C2D7426A27}.Debug|x64.ActiveCfg = Debug|x64
		{4164BDF7-F527-4E85-9CE6-E3C2D7426A27}.Debug|x64.Build.0 = Debug|x64
		{4164BDF7-F527-4E85-9CE6-E3C2D7426A27}.Release|Any CPU.ActiveCfg = Release|Any CPU
		{4164BDF7-F527-4E85-9CE6-E3C2D7426A27}.Release|Any CPU.Build.0 = Release|Any CPU
		{4164BDF7-F527-4E85-9CE6-E3C2D7426A27}.Release|x64.ActiveCfg = Release|x64
		{4164BDF7-F527-4E85-9CE6-E3C2D7426A27}.Release|x64.Build.0 = Release|x64
		{3B5A0094-670D-4BB1-BFDD-61B88A8773DC}.Debug|Any CPU.ActiveCfg = Debug|Any CPU
		{3B5A0094-670D-4BB1-BFDD-61B88A8773DC}.Debug|Any CPU.Build.0 = Debug|Any CPU
		{3B5A0094-670D-4BB1-BFDD-61B88A8773DC}.Debug|x64.ActiveCfg = Debug|x64
		{3B5A0094-670D-4BB1-BFDD-61B88A8773DC}.Debug|x64.Build.0 = Debug|x64
		{3B5A0094-670D-4BB1-BFDD-61B88A8773DC}.Release|Any CPU.ActiveCfg = Release|Any CPU
		{3B5A0094-670D-4BB1-BFDD-61B88A8773DC}.Release|Any CPU.Build.0 = Release|Any CPU
		{3B5A0094-670D-4BB1-BFDD-61B88A8773DC}.Release|x64.ActiveCfg = Release|x64
		{3B5A0094-670D-4BB1-BFDD-61B88A8773DC}.Release|x64.Build.0 = Release|x64
		{6FE54035-9C11-4702-A5E2-D16F23101468}.Debug|Any CPU.ActiveCfg = Debug|Any CPU
		{6FE54035-9C11-4702-A5E2-D16F23101468}.Debug|Any CPU.Build.0 = Debug|Any CPU
		{6FE54035-9C11-4702-A5E2-D16F23101468}.Debug|x64.ActiveCfg = Debug|x64
		{6FE54035-9C11-4702-A5E2-D16F23101468}.Debug|x64.Build.0 = Debug|x64
		{6FE54035-9C11-4702-A5E2-D16F23101468}.Release|Any CPU.ActiveCfg = Release|Any CPU
		{6FE54035-9C11-4702-A5E2-D16F23101468}.Release|Any CPU.Build.0 = Release|Any CPU
		{6FE54035-9C11-4702-A5E2-D16F23101468}.Release|x64.ActiveCfg = Release|x64
		{6FE54035-9C11-4702-A5E2-D16F23101468}.Release|x64.Build.0 = Release|x64
		{073C361E-B8F4-49F5-93CC-72A3FF49C026}.Debug|Any CPU.ActiveCfg = Debug|Any CPU
		{073C361E-B8F4-49F5-93CC-72A3FF49C026}.Debug|Any CPU.Build.0 = Debug|Any CPU
		{073C361E-B8F4-49F5-93CC-72A3FF49C026}.Debug|x64.ActiveCfg = Debug|x64
		{073C361E-B8F4-49F5-93CC-72A3FF49C026}.Debug|x64.Build.0 = Debug|x64
		{073C361E-B8F4-49F5-93CC-72A3FF49C026}.Release|Any CPU.ActiveCfg = Release|Any CPU
		{073C361E-B8F4-49F5-93CC-72A3FF49C026}.Release|Any CPU.Build.0 = Release|Any CPU
		{073C361E-B8F4-49F5-93CC-72A3FF49C026}.Release|x64.ActiveCfg = Release|x64
		{073C361E-B8F4-49F5-93CC-72A3FF49C026}.Release|x64.Build.0 = Release|x64
		{E6D5BF0E-DE92-4D82-A352-EF04B37CB11C}.Debug|Any CPU.ActiveCfg = Debug|Any CPU
		{E6D5BF0E-DE92-4D82-A352-EF04B37CB11C}.Debug|Any CPU.Build.0 = Debug|Any CPU
		{E6D5BF0E-DE92-4D82-A352-EF04B37CB11C}.Debug|x64.ActiveCfg = Debug|x64
		{E6D5BF0E-DE92-4D82-A352-EF04B37CB11C}.Debug|x64.Build.0 = Debug|x64
		{E6D5BF0E-DE92-4D82-A352-EF04B37CB11C}.Release|Any CPU.ActiveCfg = Release|Any CPU
		{E6D5BF0E-DE92-4D82-A352-EF04B37CB11C}.Release|Any CPU.Build.0 = Release|Any CPU
		{E6D5BF0E-DE92-4D82-A352-EF04B37CB11C}.Release|x64.ActiveCfg = Release|x64
		{E6D5BF0E-DE92-4D82-A352-EF04B37CB11C}.Release|x64.Build.0 = Release|x64
		{83ED9CF0-1B1D-4329-B85E-BCD65CD695D2}.Debug|Any CPU.ActiveCfg = Debug|Any CPU
		{83ED9CF0-1B1D-4329-B85E-BCD65CD695D2}.Debug|Any CPU.Build.0 = Debug|Any CPU
		{83ED9CF0-1B1D-4329-B85E-BCD65CD695D2}.Debug|x64.ActiveCfg = Debug|x64
		{83ED9CF0-1B1D-4329-B85E-BCD65CD695D2}.Debug|x64.Build.0 = Debug|x64
		{83ED9CF0-1B1D-4329-B85E-BCD65CD695D2}.Release|Any CPU.ActiveCfg = Release|Any CPU
		{83ED9CF0-1B1D-4329-B85E-BCD65CD695D2}.Release|Any CPU.Build.0 = Release|Any CPU
		{83ED9CF0-1B1D-4329-B85E-BCD65CD695D2}.Release|x64.ActiveCfg = Release|x64
		{83ED9CF0-1B1D-4329-B85E-BCD65CD695D2}.Release|x64.Build.0 = Release|x64
		{19D8F2E9-0152-4943-B5A7-CDD6E7EE27A4}.Debug|Any CPU.ActiveCfg = Debug|Any CPU
		{19D8F2E9-0152-4943-B5A7-CDD6E7EE27A4}.Debug|Any CPU.Build.0 = Debug|Any CPU
		{19D8F2E9-0152-4943-B5A7-CDD6E7EE27A4}.Debug|x64.ActiveCfg = Debug|Any CPU
		{19D8F2E9-0152-4943-B5A7-CDD6E7EE27A4}.Debug|x64.Build.0 = Debug|Any CPU
		{19D8F2E9-0152-4943-B5A7-CDD6E7EE27A4}.Release|Any CPU.ActiveCfg = Release|Any CPU
		{19D8F2E9-0152-4943-B5A7-CDD6E7EE27A4}.Release|Any CPU.Build.0 = Release|Any CPU
		{19D8F2E9-0152-4943-B5A7-CDD6E7EE27A4}.Release|x64.ActiveCfg = Release|Any CPU
		{19D8F2E9-0152-4943-B5A7-CDD6E7EE27A4}.Release|x64.Build.0 = Release|Any CPU
		{D8E5B8A0-9224-4E7D-9D74-F8C8FE2D65C7}.Debug|Any CPU.ActiveCfg = Debug|Any CPU
		{D8E5B8A0-9224-4E7D-9D74-F8C8FE2D65C7}.Debug|Any CPU.Build.0 = Debug|Any CPU
		{D8E5B8A0-9224-4E7D-9D74-F8C8FE2D65C7}.Debug|x64.ActiveCfg = Debug|Any CPU
		{D8E5B8A0-9224-4E7D-9D74-F8C8FE2D65C7}.Debug|x64.Build.0 = Debug|Any CPU
		{D8E5B8A0-9224-4E7D-9D74-F8C8FE2D65C7}.Release|Any CPU.ActiveCfg = Release|Any CPU
		{D8E5B8A0-9224-4E7D-9D74-F8C8FE2D65C7}.Release|Any CPU.Build.0 = Release|Any CPU
		{D8E5B8A0-9224-4E7D-9D74-F8C8FE2D65C7}.Release|x64.ActiveCfg = Release|Any CPU
		{D8E5B8A0-9224-4E7D-9D74-F8C8FE2D65C7}.Release|x64.Build.0 = Release|Any CPU
		{82CA3776-0F10-4C85-AC31-BA99340E9ABC}.Debug|Any CPU.ActiveCfg = Debug|Any CPU
		{82CA3776-0F10-4C85-AC31-BA99340E9ABC}.Debug|Any CPU.Build.0 = Debug|Any CPU
		{82CA3776-0F10-4C85-AC31-BA99340E9ABC}.Debug|x64.ActiveCfg = Debug|Any CPU
		{82CA3776-0F10-4C85-AC31-BA99340E9ABC}.Debug|x64.Build.0 = Debug|Any CPU
		{82CA3776-0F10-4C85-AC31-BA99340E9ABC}.Release|Any CPU.ActiveCfg = Release|Any CPU
		{82CA3776-0F10-4C85-AC31-BA99340E9ABC}.Release|Any CPU.Build.0 = Release|Any CPU
		{82CA3776-0F10-4C85-AC31-BA99340E9ABC}.Release|x64.ActiveCfg = Release|Any CPU
		{82CA3776-0F10-4C85-AC31-BA99340E9ABC}.Release|x64.Build.0 = Release|Any CPU
		{163330CF-2CFD-4DA2-B70D-E1FE76FA3821}.Debug|Any CPU.ActiveCfg = Debug|Any CPU
		{163330CF-2CFD-4DA2-B70D-E1FE76FA3821}.Debug|Any CPU.Build.0 = Debug|Any CPU
		{163330CF-2CFD-4DA2-B70D-E1FE76FA3821}.Debug|x64.ActiveCfg = Debug|Any CPU
		{163330CF-2CFD-4DA2-B70D-E1FE76FA3821}.Debug|x64.Build.0 = Debug|Any CPU
		{163330CF-2CFD-4DA2-B70D-E1FE76FA3821}.Release|Any CPU.ActiveCfg = Release|Any CPU
		{163330CF-2CFD-4DA2-B70D-E1FE76FA3821}.Release|Any CPU.Build.0 = Release|Any CPU
		{163330CF-2CFD-4DA2-B70D-E1FE76FA3821}.Release|x64.ActiveCfg = Release|Any CPU
		{163330CF-2CFD-4DA2-B70D-E1FE76FA3821}.Release|x64.Build.0 = Release|Any CPU
		{FC0CAB9B-142D-4E68-8A39-E38D81141531}.Debug|Any CPU.ActiveCfg = Debug|Any CPU
		{FC0CAB9B-142D-4E68-8A39-E38D81141531}.Debug|Any CPU.Build.0 = Debug|Any CPU
		{FC0CAB9B-142D-4E68-8A39-E38D81141531}.Debug|x64.ActiveCfg = Debug|Any CPU
		{FC0CAB9B-142D-4E68-8A39-E38D81141531}.Debug|x64.Build.0 = Debug|Any CPU
		{FC0CAB9B-142D-4E68-8A39-E38D81141531}.Release|Any CPU.ActiveCfg = Release|Any CPU
		{FC0CAB9B-142D-4E68-8A39-E38D81141531}.Release|Any CPU.Build.0 = Release|Any CPU
		{FC0CAB9B-142D-4E68-8A39-E38D81141531}.Release|x64.ActiveCfg = Release|Any CPU
		{FC0CAB9B-142D-4E68-8A39-E38D81141531}.Release|x64.Build.0 = Release|Any CPU
		{38046D11-824A-49D1-854F-C36844AED65B}.Debug|Any CPU.ActiveCfg = Debug|Any CPU
		{38046D11-824A-49D1-854F-C36844AED65B}.Debug|Any CPU.Build.0 = Debug|Any CPU
		{38046D11-824A-49D1-854F-C36844AED65B}.Debug|x64.ActiveCfg = Debug|Any CPU
		{38046D11-824A-49D1-854F-C36844AED65B}.Debug|x64.Build.0 = Debug|Any CPU
		{38046D11-824A-49D1-854F-C36844AED65B}.Release|Any CPU.ActiveCfg = Release|Any CPU
		{38046D11-824A-49D1-854F-C36844AED65B}.Release|Any CPU.Build.0 = Release|Any CPU
		{38046D11-824A-49D1-854F-C36844AED65B}.Release|x64.ActiveCfg = Release|Any CPU
		{38046D11-824A-49D1-854F-C36844AED65B}.Release|x64.Build.0 = Release|Any CPU
		{0D4182ED-83C6-4504-9396-DA180064B8AE}.Debug|Any CPU.ActiveCfg = Debug|Any CPU
		{0D4182ED-83C6-4504-9396-DA180064B8AE}.Debug|Any CPU.Build.0 = Debug|Any CPU
		{0D4182ED-83C6-4504-9396-DA180064B8AE}.Debug|x64.ActiveCfg = Debug|Any CPU
		{0D4182ED-83C6-4504-9396-DA180064B8AE}.Debug|x64.Build.0 = Debug|Any CPU
		{0D4182ED-83C6-4504-9396-DA180064B8AE}.Release|Any CPU.ActiveCfg = Release|Any CPU
		{0D4182ED-83C6-4504-9396-DA180064B8AE}.Release|Any CPU.Build.0 = Release|Any CPU
		{0D4182ED-83C6-4504-9396-DA180064B8AE}.Release|x64.ActiveCfg = Release|Any CPU
		{0D4182ED-83C6-4504-9396-DA180064B8AE}.Release|x64.Build.0 = Release|Any CPU
		{0631F74C-EEF5-4B68-97F8-A303872C71E1}.Debug|Any CPU.ActiveCfg = Debug|Any CPU
		{0631F74C-EEF5-4B68-97F8-A303872C71E1}.Debug|Any CPU.Build.0 = Debug|Any CPU
		{0631F74C-EEF5-4B68-97F8-A303872C71E1}.Debug|x64.ActiveCfg = Debug|Any CPU
		{0631F74C-EEF5-4B68-97F8-A303872C71E1}.Debug|x64.Build.0 = Debug|Any CPU
		{0631F74C-EEF5-4B68-97F8-A303872C71E1}.Release|Any CPU.ActiveCfg = Release|Any CPU
		{0631F74C-EEF5-4B68-97F8-A303872C71E1}.Release|Any CPU.Build.0 = Release|Any CPU
		{0631F74C-EEF5-4B68-97F8-A303872C71E1}.Release|x64.ActiveCfg = Release|Any CPU
		{0631F74C-EEF5-4B68-97F8-A303872C71E1}.Release|x64.Build.0 = Release|Any CPU
		{537D3092-B708-4A87-9A3F-30C088986F94}.Debug|Any CPU.ActiveCfg = Debug|Any CPU
		{537D3092-B708-4A87-9A3F-30C088986F94}.Debug|Any CPU.Build.0 = Debug|Any CPU
		{537D3092-B708-4A87-9A3F-30C088986F94}.Debug|x64.ActiveCfg = Debug|Any CPU
		{537D3092-B708-4A87-9A3F-30C088986F94}.Debug|x64.Build.0 = Debug|Any CPU
		{537D3092-B708-4A87-9A3F-30C088986F94}.Release|Any CPU.ActiveCfg = Release|Any CPU
		{537D3092-B708-4A87-9A3F-30C088986F94}.Release|Any CPU.Build.0 = Release|Any CPU
		{537D3092-B708-4A87-9A3F-30C088986F94}.Release|x64.ActiveCfg = Release|Any CPU
		{537D3092-B708-4A87-9A3F-30C088986F94}.Release|x64.Build.0 = Release|Any CPU
	EndGlobalSection
	GlobalSection(SolutionProperties) = preSolution
		HideSolutionNode = FALSE
	EndGlobalSection
	GlobalSection(NestedProjects) = preSolution
		{554AD327-6DBA-4F8F-96F8-81CE7A0C863F} = {CA9AC87F-097E-4F15-8393-4BC07735A5B0}
		{1A94A50E-06DC-43C1-80B5-B662820EC3EB} = {CA9AC87F-097E-4F15-8393-4BC07735A5B0}
		{C956DD76-69C8-4A9C-83EA-D17DF83340FD} = {CA9AC87F-097E-4F15-8393-4BC07735A5B0}
		{42F719ED-8413-4895-B5B4-5AB56079BC66} = {CA9AC87F-097E-4F15-8393-4BC07735A5B0}
		{520659C8-C734-4298-A3DA-B539DB9DFC0B} = {CA9AC87F-097E-4F15-8393-4BC07735A5B0}
		{4164BDF7-F527-4E85-9CE6-E3C2D7426A27} = {CA9AC87F-097E-4F15-8393-4BC07735A5B0}
		{3B5A0094-670D-4BB1-BFDD-61B88A8773DC} = {CA9AC87F-097E-4F15-8393-4BC07735A5B0}
		{6FE54035-9C11-4702-A5E2-D16F23101468} = {CA9AC87F-097E-4F15-8393-4BC07735A5B0}
		{073C361E-B8F4-49F5-93CC-72A3FF49C026} = {CA9AC87F-097E-4F15-8393-4BC07735A5B0}
		{E6D5BF0E-DE92-4D82-A352-EF04B37CB11C} = {CA9AC87F-097E-4F15-8393-4BC07735A5B0}
		{83ED9CF0-1B1D-4329-B85E-BCD65CD695D2} = {CA9AC87F-097E-4F15-8393-4BC07735A5B0}
		{19D8F2E9-0152-4943-B5A7-CDD6E7EE27A4} = {756D3A9B-A4F2-45D3-B585-3DE9E48EEA43}
		{D8E5B8A0-9224-4E7D-9D74-F8C8FE2D65C7} = {756D3A9B-A4F2-45D3-B585-3DE9E48EEA43}
		{82CA3776-0F10-4C85-AC31-BA99340E9ABC} = {756D3A9B-A4F2-45D3-B585-3DE9E48EEA43}
		{163330CF-2CFD-4DA2-B70D-E1FE76FA3821} = {756D3A9B-A4F2-45D3-B585-3DE9E48EEA43}
		{FC0CAB9B-142D-4E68-8A39-E38D81141531} = {756D3A9B-A4F2-45D3-B585-3DE9E48EEA43}
		{D1841C87-209D-4A5B-9136-C8D9672C8E6D} = {0CD8FB98-59C9-4B9A-9DF1-70BE18A8B2CA}
		{CE589F65-67E2-4790-AFBA-1482A84346EA} = {D1841C87-209D-4A5B-9136-C8D9672C8E6D}
		{7B7C62A5-0535-4CD4-B05A-86B7908488E8} = {CE589F65-67E2-4790-AFBA-1482A84346EA}
		{855EAC61-2ADB-494F-90C6-CE964ED8EB17} = {57C49A11-AF01-4626-BA74-6E427D5FE35E}
		{34382B03-70AC-465F-985D-B8308B1E00BE} = {57C49A11-AF01-4626-BA74-6E427D5FE35E}
		{C5E48CAF-6462-4DF7-8BBD-2656774984FC} = {CA9AC87F-097E-4F15-8393-4BC07735A5B0}
		{4D474065-8F62-405A-AD17-87EF57AAD2F5} = {C5E48CAF-6462-4DF7-8BBD-2656774984FC}
		{45B08EBA-BA08-48AE-B359-B1A86E1086C6} = {C5E48CAF-6462-4DF7-8BBD-2656774984FC}
		{6BC60BA1-6456-4B9A-BDA6-2B89371D1669} = {CA9AC87F-097E-4F15-8393-4BC07735A5B0}
		{BEF0B52C-A526-49F4-BEB6-9FCC1E19D2A1} = {6BC60BA1-6456-4B9A-BDA6-2B89371D1669}
		{38046D11-824A-49D1-854F-C36844AED65B} = {BEF0B52C-A526-49F4-BEB6-9FCC1E19D2A1}
		{C6B0F1FC-C055-4F68-A423-F5462352C86C} = {6BC60BA1-6456-4B9A-BDA6-2B89371D1669}
		{0D4182ED-83C6-4504-9396-DA180064B8AE} = {C6B0F1FC-C055-4F68-A423-F5462352C86C}
		{537D3092-B708-4A87-9A3F-30C088986F94} = {CA9AC87F-097E-4F15-8393-4BC07735A5B0}
	EndGlobalSection
	GlobalSection(ExtensibilityGlobals) = postSolution
		SolutionGuid = {28315BFD-90E7-4E14-A2EA-F3D23AF4126F}
	EndGlobalSection
EndGlobal
